
Microsoft Visual Studio Solution File, Format Version 12.00
# Visual Studio Version 16
VisualStudioVersion = 16.0.28803.156
MinimumVisualStudioVersion = 10.0.40219.1
Project("{9A19103F-16F7-4668-BE54-9A1E7A4F7556}") = "简单手机号码验证", "src\简单手机号码验证\简单手机号码验证.csproj", "{D32638B6-3413-4FDA-B939-C5327CC3705A}"
EndProject
Project("{9A19103F-16F7-4668-BE54-9A1E7A4F7556}") = "返回统一json格式", "src\返回统一json格式\返回统一json格式.csproj", "{88FB57B8-8BF6-4133-B969-C96207655A52}"
EndProject
Project("{9A19103F-16F7-4668-BE54-9A1E7A4F7556}") = "利用Swagger自动生成接口文档", "src\利用Swagger自动生成接口文档\利用Swagger自动生成接口文档.csproj", "{970C6A37-680F-467F-ACD7-CB765692F796}"
EndProject
Project("{9A19103F-16F7-4668-BE54-9A1E7A4F7556}") = "一行代码搞定文件上传", "src\一行代码搞定文件上传\一行代码搞定文件上传.csproj", "{7AE97466-44A2-4C10-949E-D93D0815D0CC}"
EndProject
Project("{9A19103F-16F7-4668-BE54-9A1E7A4F7556}") = "SwaggerAndJwt", "src\SwaggerAndJwt\SwaggerAndJwt.csproj", "{BC78DBED-986B-4350-942C-53A1320AA82D}"
EndProject
Project("{2150E333-8FDC-42A3-9474-1A3956D46DE8}") = "src", "src", "{76E4B130-39C4-468F-91ED-95C7651C10D7}"
EndProject
Project("{2150E333-8FDC-42A3-9474-1A3956D46DE8}") = "docs", "docs", "{C1996020-06B7-4D86-8A51-F2D258E352D5}"
	ProjectSection(SolutionItems) = preProject
		docs\Swagger和Jwt.md = docs\Swagger和Jwt.md
		docs\学习IdentityServer4.xmind = docs\学习IdentityServer4.xmind
	EndProjectSection
EndProject
Project("{2150E333-8FDC-42A3-9474-1A3956D46DE8}") = "IdentityServer4", "IdentityServer4", "{6B622FF2-D894-45D4-83D4-5902FB46D5C1}"
EndProject
Project("{9A19103F-16F7-4668-BE54-9A1E7A4F7556}") = "IdentityClient", "src\IdentityServer4\IdentityClient\IdentityClient.csproj", "{54C6D657-39D3-4D82-AE6C-CEC2F9A1A93A}"
EndProject
Project("{9A19103F-16F7-4668-BE54-9A1E7A4F7556}") = "IdentityServer", "src\IdentityServer4\IdentityServer\IdentityServer.csproj", "{A12FA02D-1637-4C8B-AEB6-ECEF9934E1AE}"
EndProject
Project("{9A19103F-16F7-4668-BE54-9A1E7A4F7556}") = "仓储模式和依赖注入", "src\RepositoryNAop\仓储模式和依赖注入\仓储模式和依赖注入.csproj", "{E073DA67-CAC9-442C-A5B5-EC9551A2F6F0}"
EndProject
Project("{2150E333-8FDC-42A3-9474-1A3956D46DE8}") = "RepositoryNAop", "RepositoryNAop", "{DEADBE7F-5C69-47EC-9FF7-F07057E3E14F}"
EndProject
Project("{9A19103F-16F7-4668-BE54-9A1E7A4F7556}") = "仓储模式和依赖注入.Models", "src\RepositoryNAop\仓储模式和依赖注入.Models\仓储模式和依赖注入.Models.csproj", "{A0EE3A4E-5DB3-4083-AC4D-4DCFB0F4E761}"
EndProject
Project("{9A19103F-16F7-4668-BE54-9A1E7A4F7556}") = "仓储模式和依赖注入.Repository", "src\RepositoryNAop\仓储模式和依赖注入.Repository\仓储模式和依赖注入.Repository.csproj", "{559F41F8-5B74-44FE-81A0-C59C588C7829}"
EndProject
Project("{9A19103F-16F7-4668-BE54-9A1E7A4F7556}") = "仓储模式和依赖注入.IRepository", "src\RepositoryNAop\仓储模式和依赖注入.IRepository\仓储模式和依赖注入.IRepository.csproj", "{EECCC6F6-3972-4FA7-84CE-CF34F2CFEA5B}"
EndProject
Project("{9A19103F-16F7-4668-BE54-9A1E7A4F7556}") = "仓储模式和依赖注入.Services", "src\RepositoryNAop\仓储模式和依赖注入.Services\仓储模式和依赖注入.Services.csproj", "{701B7168-E397-46FE-8261-201B3E8E4EDB}"
EndProject
Project("{9A19103F-16F7-4668-BE54-9A1E7A4F7556}") = "仓储模式和依赖注入.IServices", "src\RepositoryNAop\仓储模式和依赖注入.IServices\仓储模式和依赖注入.IServices.csproj", "{780E4F1F-B5B0-4764-9BB5-48E70C7500C3}"
EndProject
Project("{9A19103F-16F7-4668-BE54-9A1E7A4F7556}") = "仓储模式和依赖注入.Common", "src\RepositoryNAop\仓储模式和依赖注入.Common\仓储模式和依赖注入.Common.csproj", "{2A36F5B8-C80D-4508-BD90-35E844181205}"
EndProject
Project("{2150E333-8FDC-42A3-9474-1A3956D46DE8}") = "SignalR", "SignalR", "{743EA0DD-E386-4BF0-A896-A1CA1219A13E}"
EndProject
Project("{FAE04EC0-301F-11D3-BF4B-00C04F79EFBC}") = "SignalRChat", "src\SignalR\SignalRChat\SignalRChat.csproj", "{C7363E33-9D89-4E22-9470-E43E42DF8FF4}"
EndProject
Global
	GlobalSection(SolutionConfigurationPlatforms) = preSolution
		Debug|Any CPU = Debug|Any CPU
		Release|Any CPU = Release|Any CPU
	EndGlobalSection
	GlobalSection(ProjectConfigurationPlatforms) = postSolution
		{D32638B6-3413-4FDA-B939-C5327CC3705A}.Debug|Any CPU.ActiveCfg = Debug|Any CPU
		{D32638B6-3413-4FDA-B939-C5327CC3705A}.Debug|Any CPU.Build.0 = Debug|Any CPU
		{D32638B6-3413-4FDA-B939-C5327CC3705A}.Release|Any CPU.ActiveCfg = Release|Any CPU
		{D32638B6-3413-4FDA-B939-C5327CC3705A}.Release|Any CPU.Build.0 = Release|Any CPU
		{88FB57B8-8BF6-4133-B969-C96207655A52}.Debug|Any CPU.ActiveCfg = Debug|Any CPU
		{88FB57B8-8BF6-4133-B969-C96207655A52}.Debug|Any CPU.Build.0 = Debug|Any CPU
		{88FB57B8-8BF6-4133-B969-C96207655A52}.Release|Any CPU.ActiveCfg = Release|Any CPU
		{88FB57B8-8BF6-4133-B969-C96207655A52}.Release|Any CPU.Build.0 = Release|Any CPU
		{970C6A37-680F-467F-ACD7-CB765692F796}.Debug|Any CPU.ActiveCfg = Debug|Any CPU
		{970C6A37-680F-467F-ACD7-CB765692F796}.Debug|Any CPU.Build.0 = Debug|Any CPU
		{970C6A37-680F-467F-ACD7-CB765692F796}.Release|Any CPU.ActiveCfg = Release|Any CPU
		{970C6A37-680F-467F-ACD7-CB765692F796}.Release|Any CPU.Build.0 = Release|Any CPU
		{7AE97466-44A2-4C10-949E-D93D0815D0CC}.Debug|Any CPU.ActiveCfg = Debug|Any CPU
		{7AE97466-44A2-4C10-949E-D93D0815D0CC}.Debug|Any CPU.Build.0 = Debug|Any CPU
		{7AE97466-44A2-4C10-949E-D93D0815D0CC}.Release|Any CPU.ActiveCfg = Release|Any CPU
		{7AE97466-44A2-4C10-949E-D93D0815D0CC}.Release|Any CPU.Build.0 = Release|Any CPU
		{BC78DBED-986B-4350-942C-53A1320AA82D}.Debug|Any CPU.ActiveCfg = Debug|Any CPU
		{BC78DBED-986B-4350-942C-53A1320AA82D}.Debug|Any CPU.Build.0 = Debug|Any CPU
		{BC78DBED-986B-4350-942C-53A1320AA82D}.Release|Any CPU.ActiveCfg = Release|Any CPU
		{BC78DBED-986B-4350-942C-53A1320AA82D}.Release|Any CPU.Build.0 = Release|Any CPU
		{54C6D657-39D3-4D82-AE6C-CEC2F9A1A93A}.Debug|Any CPU.ActiveCfg = Debug|Any CPU
		{54C6D657-39D3-4D82-AE6C-CEC2F9A1A93A}.Debug|Any CPU.Build.0 = Debug|Any CPU
		{54C6D657-39D3-4D82-AE6C-CEC2F9A1A93A}.Release|Any CPU.ActiveCfg = Release|Any CPU
		{54C6D657-39D3-4D82-AE6C-CEC2F9A1A93A}.Release|Any CPU.Build.0 = Release|Any CPU
		{A12FA02D-1637-4C8B-AEB6-ECEF9934E1AE}.Debug|Any CPU.ActiveCfg = Debug|Any CPU
		{A12FA02D-1637-4C8B-AEB6-ECEF9934E1AE}.Debug|Any CPU.Build.0 = Debug|Any CPU
		{A12FA02D-1637-4C8B-AEB6-ECEF9934E1AE}.Release|Any CPU.ActiveCfg = Release|Any CPU
		{A12FA02D-1637-4C8B-AEB6-ECEF9934E1AE}.Release|Any CPU.Build.0 = Release|Any CPU
		{E073DA67-CAC9-442C-A5B5-EC9551A2F6F0}.Debug|Any CPU.ActiveCfg = Debug|Any CPU
		{E073DA67-CAC9-442C-A5B5-EC9551A2F6F0}.Debug|Any CPU.Build.0 = Debug|Any CPU
		{E073DA67-CAC9-442C-A5B5-EC9551A2F6F0}.Release|Any CPU.ActiveCfg = Release|Any CPU
		{E073DA67-CAC9-442C-A5B5-EC9551A2F6F0}.Release|Any CPU.Build.0 = Release|Any CPU
		{A0EE3A4E-5DB3-4083-AC4D-4DCFB0F4E761}.Debug|Any CPU.ActiveCfg = Debug|Any CPU
		{A0EE3A4E-5DB3-4083-AC4D-4DCFB0F4E761}.Debug|Any CPU.Build.0 = Debug|Any CPU
		{A0EE3A4E-5DB3-4083-AC4D-4DCFB0F4E761}.Release|Any CPU.ActiveCfg = Release|Any CPU
		{A0EE3A4E-5DB3-4083-AC4D-4DCFB0F4E761}.Release|Any CPU.Build.0 = Release|Any CPU
		{559F41F8-5B74-44FE-81A0-C59C588C7829}.Debug|Any CPU.ActiveCfg = Debug|Any CPU
		{559F41F8-5B74-44FE-81A0-C59C588C7829}.Debug|Any CPU.Build.0 = Debug|Any CPU
		{559F41F8-5B74-44FE-81A0-C59C588C7829}.Release|Any CPU.ActiveCfg = Release|Any CPU
		{559F41F8-5B74-44FE-81A0-C59C588C7829}.Release|Any CPU.Build.0 = Release|Any CPU
		{EECCC6F6-3972-4FA7-84CE-CF34F2CFEA5B}.Debug|Any CPU.ActiveCfg = Debug|Any CPU
		{EECCC6F6-3972-4FA7-84CE-CF34F2CFEA5B}.Debug|Any CPU.Build.0 = Debug|Any CPU
		{EECCC6F6-3972-4FA7-84CE-CF34F2CFEA5B}.Release|Any CPU.ActiveCfg = Release|Any CPU
		{EECCC6F6-3972-4FA7-84CE-CF34F2CFEA5B}.Release|Any CPU.Build.0 = Release|Any CPU
		{701B7168-E397-46FE-8261-201B3E8E4EDB}.Debug|Any CPU.ActiveCfg = Debug|Any CPU
		{701B7168-E397-46FE-8261-201B3E8E4EDB}.Debug|Any CPU.Build.0 = Debug|Any CPU
		{701B7168-E397-46FE-8261-201B3E8E4EDB}.Release|Any CPU.ActiveCfg = Release|Any CPU
		{701B7168-E397-46FE-8261-201B3E8E4EDB}.Release|Any CPU.Build.0 = Release|Any CPU
		{780E4F1F-B5B0-4764-9BB5-48E70C7500C3}.Debug|Any CPU.ActiveCfg = Debug|Any CPU
		{780E4F1F-B5B0-4764-9BB5-48E70C7500C3}.Debug|Any CPU.Build.0 = Debug|Any CPU
		{780E4F1F-B5B0-4764-9BB5-48E70C7500C3}.Release|Any CPU.ActiveCfg = Release|Any CPU
		{780E4F1F-B5B0-4764-9BB5-48E70C7500C3}.Release|Any CPU.Build.0 = Release|Any CPU
		{2A36F5B8-C80D-4508-BD90-35E844181205}.Debug|Any CPU.ActiveCfg = Debug|Any CPU
		{2A36F5B8-C80D-4508-BD90-35E844181205}.Debug|Any CPU.Build.0 = Debug|Any CPU
		{2A36F5B8-C80D-4508-BD90-35E844181205}.Release|Any CPU.ActiveCfg = Release|Any CPU
		{2A36F5B8-C80D-4508-BD90-35E844181205}.Release|Any CPU.Build.0 = Release|Any CPU
		{C7363E33-9D89-4E22-9470-E43E42DF8FF4}.Debug|Any CPU.ActiveCfg = Debug|Any CPU
		{C7363E33-9D89-4E22-9470-E43E42DF8FF4}.Debug|Any CPU.Build.0 = Debug|Any CPU
		{C7363E33-9D89-4E22-9470-E43E42DF8FF4}.Release|Any CPU.ActiveCfg = Release|Any CPU
		{C7363E33-9D89-4E22-9470-E43E42DF8FF4}.Release|Any CPU.Build.0 = Release|Any CPU
	EndGlobalSection
	GlobalSection(SolutionProperties) = preSolution
		HideSolutionNode = FALSE
	EndGlobalSection
	GlobalSection(NestedProjects) = preSolution
		{D32638B6-3413-4FDA-B939-C5327CC3705A} = {76E4B130-39C4-468F-91ED-95C7651C10D7}
		{88FB57B8-8BF6-4133-B969-C96207655A52} = {76E4B130-39C4-468F-91ED-95C7651C10D7}
		{970C6A37-680F-467F-ACD7-CB765692F796} = {76E4B130-39C4-468F-91ED-95C7651C10D7}
		{7AE97466-44A2-4C10-949E-D93D0815D0CC} = {76E4B130-39C4-468F-91ED-95C7651C10D7}
		{BC78DBED-986B-4350-942C-53A1320AA82D} = {76E4B130-39C4-468F-91ED-95C7651C10D7}
		{6B622FF2-D894-45D4-83D4-5902FB46D5C1} = {76E4B130-39C4-468F-91ED-95C7651C10D7}
		{54C6D657-39D3-4D82-AE6C-CEC2F9A1A93A} = {6B622FF2-D894-45D4-83D4-5902FB46D5C1}
		{A12FA02D-1637-4C8B-AEB6-ECEF9934E1AE} = {6B622FF2-D894-45D4-83D4-5902FB46D5C1}
		{E073DA67-CAC9-442C-A5B5-EC9551A2F6F0} = {DEADBE7F-5C69-47EC-9FF7-F07057E3E14F}
		{DEADBE7F-5C69-47EC-9FF7-F07057E3E14F} = {76E4B130-39C4-468F-91ED-95C7651C10D7}
		{A0EE3A4E-5DB3-4083-AC4D-4DCFB0F4E761} = {DEADBE7F-5C69-47EC-9FF7-F07057E3E14F}
		{559F41F8-5B74-44FE-81A0-C59C588C7829} = {DEADBE7F-5C69-47EC-9FF7-F07057E3E14F}
		{EECCC6F6-3972-4FA7-84CE-CF34F2CFEA5B} = {DEADBE7F-5C69-47EC-9FF7-F07057E3E14F}
		{701B7168-E397-46FE-8261-201B3E8E4EDB} = {DEADBE7F-5C69-47EC-9FF7-F07057E3E14F}
		{780E4F1F-B5B0-4764-9BB5-48E70C7500C3} = {DEADBE7F-5C69-47EC-9FF7-F07057E3E14F}
		{2A36F5B8-C80D-4508-BD90-35E844181205} = {DEADBE7F-5C69-47EC-9FF7-F07057E3E14F}
		{743EA0DD-E386-4BF0-A896-A1CA1219A13E} = {76E4B130-39C4-468F-91ED-95C7651C10D7}
		{C7363E33-9D89-4E22-9470-E43E42DF8FF4} = {743EA0DD-E386-4BF0-A896-A1CA1219A13E}
	EndGlobalSection
	GlobalSection(ExtensibilityGlobals) = postSolution
		SolutionGuid = {91933727-1EF0-4141-A2E4-CB99CDEC3DCA}
	EndGlobalSection
EndGlobal
