
Microsoft Visual Studio Solution File, Format Version 12.00
# Visual Studio Version 16
VisualStudioVersion = 16.0.28803.156
MinimumVisualStudioVersion = 10.0.40219.1
Project("{9A19103F-16F7-4668-BE54-9A1E7A4F7556}") = "MyCoreProject", "src\MyCoreProject\MyCoreProject.csproj", "{BD1581A4-01FB-4979-9AA7-F8E65E628454}"
EndProject
Project("{9A19103F-16F7-4668-BE54-9A1E7A4F7556}") = "简单手机号码验证", "src\简单手机号码验证\简单手机号码验证.csproj", "{D32638B6-3413-4FDA-B939-C5327CC3705A}"
EndProject
Project("{9A19103F-16F7-4668-BE54-9A1E7A4F7556}") = "返回统一json格式", "src\返回统一json格式\返回统一json格式.csproj", "{88FB57B8-8BF6-4133-B969-C96207655A52}"
EndProject
Project("{9A19103F-16F7-4668-BE54-9A1E7A4F7556}") = "利用Swagger自动生成接口文档", "src\利用Swagger自动生成接口文档\利用Swagger自动生成接口文档.csproj", "{970C6A37-680F-467F-ACD7-CB765692F796}"
EndProject
Project("{9A19103F-16F7-4668-BE54-9A1E7A4F7556}") = "一行代码搞定文件上传", "src\一行代码搞定文件上传\一行代码搞定文件上传.csproj", "{7AE97466-44A2-4C10-949E-D93D0815D0CC}"
EndProject
Project("{9A19103F-16F7-4668-BE54-9A1E7A4F7556}") = "SwaggerAndJwt", "src\SwaggerAndJwt\SwaggerAndJwt.csproj", "{BC78DBED-986B-4350-942C-53A1320AA82D}"
EndProject
Project("{9A19103F-16F7-4668-BE54-9A1E7A4F7556}") = "IdentityServer", "src\IdentityServer\IdentityServer.csproj", "{D631B942-956D-4D6B-828C-75474071CC8A}"
EndProject
Project("{9A19103F-16F7-4668-BE54-9A1E7A4F7556}") = "Ids4认证测试", "src\Ids4认证测试\Ids4认证测试.csproj", "{F5A6A9E3-A535-474F-902B-9EA15EE95A50}"
EndProject
Project("{2150E333-8FDC-42A3-9474-1A3956D46DE8}") = "src", "src", "{76E4B130-39C4-468F-91ED-95C7651C10D7}"
EndProject
Project("{2150E333-8FDC-42A3-9474-1A3956D46DE8}") = "docs", "docs", "{C1996020-06B7-4D86-8A51-F2D258E352D5}"
	ProjectSection(SolutionItems) = preProject
		docs\Swagger和Jwt.md = docs\Swagger和Jwt.md
		docs\学习IdentityServer4.xmind = docs\学习IdentityServer4.xmind
	EndProjectSection
EndProject
Global
	GlobalSection(SolutionConfigurationPlatforms) = preSolution
		Debug|Any CPU = Debug|Any CPU
		Release|Any CPU = Release|Any CPU
	EndGlobalSection
	GlobalSection(ProjectConfigurationPlatforms) = postSolution
		{BD1581A4-01FB-4979-9AA7-F8E65E628454}.Debug|Any CPU.ActiveCfg = Debug|Any CPU
		{BD1581A4-01FB-4979-9AA7-F8E65E628454}.Debug|Any CPU.Build.0 = Debug|Any CPU
		{BD1581A4-01FB-4979-9AA7-F8E65E628454}.Release|Any CPU.ActiveCfg = Release|Any CPU
		{BD1581A4-01FB-4979-9AA7-F8E65E628454}.Release|Any CPU.Build.0 = Release|Any CPU
		{D32638B6-3413-4FDA-B939-C5327CC3705A}.Debug|Any CPU.ActiveCfg = Debug|Any CPU
		{D32638B6-3413-4FDA-B939-C5327CC3705A}.Debug|Any CPU.Build.0 = Debug|Any CPU
		{D32638B6-3413-4FDA-B939-C5327CC3705A}.Release|Any CPU.ActiveCfg = Release|Any CPU
		{D32638B6-3413-4FDA-B939-C5327CC3705A}.Release|Any CPU.Build.0 = Release|Any CPU
		{88FB57B8-8BF6-4133-B969-C96207655A52}.Debug|Any CPU.ActiveCfg = Debug|Any CPU
		{88FB57B8-8BF6-4133-B969-C96207655A52}.Debug|Any CPU.Build.0 = Debug|Any CPU
		{88FB57B8-8BF6-4133-B969-C96207655A52}.Release|Any CPU.ActiveCfg = Release|Any CPU
		{88FB57B8-8BF6-4133-B969-C96207655A52}.Release|Any CPU.Build.0 = Release|Any CPU
		{970C6A37-680F-467F-ACD7-CB765692F796}.Debug|Any CPU.ActiveCfg = Debug|Any CPU
		{970C6A37-680F-467F-ACD7-CB765692F796}.Debug|Any CPU.Build.0 = Debug|Any CPU
		{970C6A37-680F-467F-ACD7-CB765692F796}.Release|Any CPU.ActiveCfg = Release|Any CPU
		{970C6A37-680F-467F-ACD7-CB765692F796}.Release|Any CPU.Build.0 = Release|Any CPU
		{7AE97466-44A2-4C10-949E-D93D0815D0CC}.Debug|Any CPU.ActiveCfg = Debug|Any CPU
		{7AE97466-44A2-4C10-949E-D93D0815D0CC}.Debug|Any CPU.Build.0 = Debug|Any CPU
		{7AE97466-44A2-4C10-949E-D93D0815D0CC}.Release|Any CPU.ActiveCfg = Release|Any CPU
		{7AE97466-44A2-4C10-949E-D93D0815D0CC}.Release|Any CPU.Build.0 = Release|Any CPU
		{BC78DBED-986B-4350-942C-53A1320AA82D}.Debug|Any CPU.ActiveCfg = Debug|Any CPU
		{BC78DBED-986B-4350-942C-53A1320AA82D}.Debug|Any CPU.Build.0 = Debug|Any CPU
		{BC78DBED-986B-4350-942C-53A1320AA82D}.Release|Any CPU.ActiveCfg = Release|Any CPU
		{BC78DBED-986B-4350-942C-53A1320AA82D}.Release|Any CPU.Build.0 = Release|Any CPU
		{D631B942-956D-4D6B-828C-75474071CC8A}.Debug|Any CPU.ActiveCfg = Debug|Any CPU
		{D631B942-956D-4D6B-828C-75474071CC8A}.Debug|Any CPU.Build.0 = Debug|Any CPU
		{D631B942-956D-4D6B-828C-75474071CC8A}.Release|Any CPU.ActiveCfg = Release|Any CPU
		{D631B942-956D-4D6B-828C-75474071CC8A}.Release|Any CPU.Build.0 = Release|Any CPU
		{F5A6A9E3-A535-474F-902B-9EA15EE95A50}.Debug|Any CPU.ActiveCfg = Debug|Any CPU
		{F5A6A9E3-A535-474F-902B-9EA15EE95A50}.Debug|Any CPU.Build.0 = Debug|Any CPU
		{F5A6A9E3-A535-474F-902B-9EA15EE95A50}.Release|Any CPU.ActiveCfg = Release|Any CPU
		{F5A6A9E3-A535-474F-902B-9EA15EE95A50}.Release|Any CPU.Build.0 = Release|Any CPU
	EndGlobalSection
	GlobalSection(SolutionProperties) = preSolution
		HideSolutionNode = FALSE
	EndGlobalSection
	GlobalSection(NestedProjects) = preSolution
		{BD1581A4-01FB-4979-9AA7-F8E65E628454} = {76E4B130-39C4-468F-91ED-95C7651C10D7}
		{D32638B6-3413-4FDA-B939-C5327CC3705A} = {76E4B130-39C4-468F-91ED-95C7651C10D7}
		{88FB57B8-8BF6-4133-B969-C96207655A52} = {76E4B130-39C4-468F-91ED-95C7651C10D7}
		{970C6A37-680F-467F-ACD7-CB765692F796} = {76E4B130-39C4-468F-91ED-95C7651C10D7}
		{7AE97466-44A2-4C10-949E-D93D0815D0CC} = {76E4B130-39C4-468F-91ED-95C7651C10D7}
		{BC78DBED-986B-4350-942C-53A1320AA82D} = {76E4B130-39C4-468F-91ED-95C7651C10D7}
		{D631B942-956D-4D6B-828C-75474071CC8A} = {76E4B130-39C4-468F-91ED-95C7651C10D7}
		{F5A6A9E3-A535-474F-902B-9EA15EE95A50} = {76E4B130-39C4-468F-91ED-95C7651C10D7}
	EndGlobalSection
	GlobalSection(ExtensibilityGlobals) = postSolution
		SolutionGuid = {91933727-1EF0-4141-A2E4-CB99CDEC3DCA}
	EndGlobalSection
EndGlobal
