
Microsoft Visual Studio Solution File, Format Version 12.00
# Visual Studio Version 16
VisualStudioVersion = 16.0.30011.22
MinimumVisualStudioVersion = 10.0.40219.1
Project("{FAE04EC0-301F-11D3-BF4B-00C04F79EFBC}") = "程序运行顺序测试", "程序运行顺序测试\程序运行顺序测试.csproj", "{AADA2E8C-07BB-4A39-A2EC-BF7D328A790A}"
EndProject
Global
	GlobalSection(SolutionConfigurationPlatforms) = preSolution
		Debug|Any CPU = Debug|Any CPU
		Release|Any CPU = Release|Any CPU
	EndGlobalSection
	GlobalSection(ProjectConfigurationPlatforms) = postSolution
		{AADA2E8C-07BB-4A39-A2EC-BF7D328A790A}.Debug|Any CPU.ActiveCfg = Debug|Any CPU
		{AADA2E8C-07BB-4A39-A2EC-BF7D328A790A}.Debug|Any CPU.Build.0 = Debug|Any CPU
		{AADA2E8C-07BB-4A39-A2EC-BF7D328A790A}.Release|Any CPU.ActiveCfg = Release|Any CPU
		{AADA2E8C-07BB-4A39-A2EC-BF7D328A790A}.Release|Any CPU.Build.0 = Release|Any CPU
	EndGlobalSection
	GlobalSection(SolutionProperties) = preSolution
		HideSolutionNode = FALSE
	EndGlobalSection
	GlobalSection(ExtensibilityGlobals) = postSolution
		SolutionGuid = {4BDF784D-D30D-47C5-88F6-13FEFA10B5BA}
	EndGlobalSection
EndGlobal
